
Microsoft Visual Studio Solution File, Format Version 12.00
# Visual Studio Version 17
VisualStudioVersion = 17.1.32228.430
MinimumVisualStudioVersion = 10.0.40219.1
Project("{8BC9CEB8-8B4A-11D0-8D11-00A0C91BC942}") = "Geom_distr", "Geom_distr.vcxproj", "{9663C299-3560-4022-A993-7F095970C854}"
EndProject
Global
	GlobalSection(SolutionConfigurationPlatforms) = preSolution
		Debug|x64 = Debug|x64
		Debug|x86 = Debug|x86
		Release|x64 = Release|x64
		Release|x86 = Release|x86
	EndGlobalSection
	GlobalSection(ProjectConfigurationPlatforms) = postSolution
		{9663C299-3560-4022-A993-7F095970C854}.Debug|x64.ActiveCfg = Debug|x64
		{9663C299-3560-4022-A993-7F095970C854}.Debug|x64.Build.0 = Debug|x64
		{9663C299-3560-4022-A993-7F095970C854}.Debug|x86.ActiveCfg = Debug|Win32
		{9663C299-3560-4022-A993-7F095970C854}.Debug|x86.Build.0 = Debug|Win32
		{9663C299-3560-4022-A993-7F095970C854}.Release|x64.ActiveCfg = Release|x64
		{9663C299-3560-4022-A993-7F095970C854}.Release|x64.Build.0 = Release|x64
		{9663C299-3560-4022-A993-7F095970C854}.Release|x86.ActiveCfg = Release|Win32
		{9663C299-3560-4022-A993-7F095970C854}.Release|x86.Build.0 = Release|Win32
		{05A81907-9EA4-4460-A008-D35B915115B3}.Debug|x64.ActiveCfg = Debug|x64
		{05A81907-9EA4-4460-A008-D35B915115B3}.Debug|x64.Build.0 = Debug|x64
		{05A81907-9EA4-4460-A008-D35B915115B3}.Debug|x86.ActiveCfg = Debug|Win32
		{05A81907-9EA4-4460-A008-D35B915115B3}.Debug|x86.Build.0 = Debug|Win32
		{05A81907-9EA4-4460-A008-D35B915115B3}.Release|x64.ActiveCfg = Release|x64
		{05A81907-9EA4-4460-A008-D35B915115B3}.Release|x64.Build.0 = Release|x64
		{05A81907-9EA4-4460-A008-D35B915115B3}.Release|x86.ActiveCfg = Release|Win32
		{05A81907-9EA4-4460-A008-D35B915115B3}.Release|x86.Build.0 = Release|Win32
	EndGlobalSection
	GlobalSection(SolutionProperties) = preSolution
		HideSolutionNode = FALSE
	EndGlobalSection
	GlobalSection(ExtensibilityGlobals) = postSolution
		SolutionGuid = {E5A4B730-43BB-4DF3-AB22-B3860D07F6F6}
	EndGlobalSection
EndGlobal
